
Microsoft Visual Studio Solution File, Format Version 12.00
# Visual Studio 2012
Project("{8BC9CEB8-8B4A-11D0-8D11-00A0C91BC942}") = "MatrixMultiplicationOrder", "MatrixMultiplicationOrder\MatrixMultiplicationOrder.vcxproj", "{AC8A849D-39DA-46CA-AA78-35EE8CCDB725}"
EndProject
Global
	GlobalSection(SolutionConfigurationPlatforms) = preSolution
		Debug|Win32 = Debug|Win32
		Release|Win32 = Release|Win32
	EndGlobalSection
	GlobalSection(ProjectConfigurationPlatforms) = postSolution
		{AC8A849D-39DA-46CA-AA78-35EE8CCDB725}.Debug|Win32.ActiveCfg = Debug|Win32
		{AC8A849D-39DA-46CA-AA78-35EE8CCDB725}.Debug|Win32.Build.0 = Debug|Win32
		{AC8A849D-39DA-46CA-AA78-35EE8CCDB725}.Release|Win32.ActiveCfg = Release|Win32
		{AC8A849D-39DA-46CA-AA78-35EE8CCDB725}.Release|Win32.Build.0 = Release|Win32
	EndGlobalSection
	GlobalSection(SolutionProperties) = preSolution
		HideSolutionNode = FALSE
	EndGlobalSection
EndGlobal
